lockfileVersion: '6.0'

settings:
  autoInstallPeers: true
  excludeLinksFromLockfile: false

dependencies:
  '@faker-js/faker':
    specifier: ^8.1.0
    version: 8.1.0

devDependencies:
  '@lucactus/prettier':
    specifier: ^1.0.0
    version: 1.0.0
  typescript:
    specifier: ^5.2.2
    version: 5.2.2

packages:

  /@faker-js/faker@8.1.0:
    resolution: {integrity: sha512-38DT60rumHfBYynif3lmtxMqMqmsOQIxQgEuPZxCk2yUYN0eqWpTACgxi0VpidvsJB8CRxCpvP7B3anK85FjtQ==}
    engines: {node: ^14.17.0 || ^16.13.0 || >=18.0.0, npm: '>=6.14.13'}
    dev: false

  /@lucactus/prettier@1.0.0:
    resolution: {integrity: sha512-Kx6a/GECHvV52j6DwL8xiIxviH7QmBVc7uZjhPtPCAoUY7zvCiEoCzbEgXHwYzxDyKanphiVP6g8/P1xkirZmA==}
    dev: true

  /typescript@5.2.2:
    resolution: {integrity: sha512-mI4WrpHsbCIcwT9cF4FZvr80QUeKvsUsUvKDoR+X/7XHQH98xYD8YHZg7ANtz2GtZt/CBq2QJ0thkGJMHfqc1w==}
    engines: {node: '>=14.17'}
    hasBin: true
    dev: true
